
Microsoft Visual Studio Solution File, Format Version 12.00
# Visual Studio Version 18
VisualStudioVersion = 18.5.11723.231
MinimumVisualStudioVersion = 10.0.40219.1
Project("{FAE04EC0-301F-11D3-BF4B-00C04F79EFBC}") = "BuffCore.Abstractions", "src\BuffCore.Abstractions\BuffCore.Abstractions.csproj", "{A1000000-0000-0000-0000-000000000001}"
EndProject
Project("{FAE04EC0-301F-11D3-BF4B-00C04F79EFBC}") = "BuffCore.Abstractions.Tests", "tests\BuffCore.Abstractions.Tests\BuffCore.Abstractions.Tests.csproj", "{A1000000-0000-0000-0000-000000000002}"
EndProject
Project("{2150E333-8FDC-42A3-9474-1A3956D46DE8}") = "src", "src", "{827E0CD3-B72D-47B6-A68D-7590B98EB39B}"
EndProject
Project("{FAE04EC0-301F-11D3-BF4B-00C04F79EFBC}") = "BuffCore.Utilities", "src\BuffCore.Utilities\BuffCore.Utilities.csproj", "{52258994-D595-420F-A0DD-F1AD2908AFE7}"
EndProject
Project("{2150E333-8FDC-42A3-9474-1A3956D46DE8}") = "tests", "tests", "{0AB3BF05-4346-4AA6-1389-037BE0695223}"
EndProject
Project("{FAE04EC0-301F-11D3-BF4B-00C04F79EFBC}") = "BuffCore.Utilities.Tests", "tests\BuffCore.Utilities.Tests\BuffCore.Utilities.Tests.csproj", "{C728AB17-33DF-4D6B-B346-6EDAFF0889F7}"
EndProject
Project("{FAE04EC0-301F-11D3-BF4B-00C04F79EFBC}") = "BuffCore.Data", "src\BuffCore.Data\BuffCore.Data.csproj", "{E64AC906-E656-4AB3-A87A-1ACFA038A2F7}"
EndProject
Project("{FAE04EC0-301F-11D3-BF4B-00C04F79EFBC}") = "BuffCore.Data.Tests", "tests\BuffCore.Data.Tests\BuffCore.Data.Tests.csproj", "{30BFC29A-BC79-4EE6-AD6D-E96AD5D1E351}"
EndProject
Global
	GlobalSection(SolutionConfigurationPlatforms) = preSolution
		Debug|Any CPU = Debug|Any CPU
		Debug|x64 = Debug|x64
		Debug|x86 = Debug|x86
		Release|Any CPU = Release|Any CPU
		Release|x64 = Release|x64
		Release|x86 = Release|x86
	EndGlobalSection
	GlobalSection(ProjectConfigurationPlatforms) = postSolution
		{A1000000-0000-0000-0000-000000000001}.Debug|Any CPU.ActiveCfg = Debug|Any CPU
		{A1000000-0000-0000-0000-000000000001}.Debug|Any CPU.Build.0 = Debug|Any CPU
		{A1000000-0000-0000-0000-000000000001}.Debug|x64.ActiveCfg = Debug|Any CPU
		{A1000000-0000-0000-0000-000000000001}.Debug|x64.Build.0 = Debug|Any CPU
		{A1000000-0000-0000-0000-000000000001}.Debug|x86.ActiveCfg = Debug|Any CPU
		{A1000000-0000-0000-0000-000000000001}.Debug|x86.Build.0 = Debug|Any CPU
		{A1000000-0000-0000-0000-000000000001}.Release|Any CPU.ActiveCfg = Release|Any CPU
		{A1000000-0000-0000-0000-000000000001}.Release|Any CPU.Build.0 = Release|Any CPU
		{A1000000-0000-0000-0000-000000000001}.Release|x64.ActiveCfg = Release|Any CPU
		{A1000000-0000-0000-0000-000000000001}.Release|x64.Build.0 = Release|Any CPU
		{A1000000-0000-0000-0000-000000000001}.Release|x86.ActiveCfg = Release|Any CPU
		{A1000000-0000-0000-0000-000000000001}.Release|x86.Build.0 = Release|Any CPU
		{A1000000-0000-0000-0000-000000000002}.Debug|Any CPU.ActiveCfg = Debug|Any CPU
		{A1000000-0000-0000-0000-000000000002}.Debug|Any CPU.Build.0 = Debug|Any CPU
		{A1000000-0000-0000-0000-000000000002}.Debug|x64.ActiveCfg = Debug|Any CPU
		{A1000000-0000-0000-0000-000000000002}.Debug|x64.Build.0 = Debug|Any CPU
		{A1000000-0000-0000-0000-000000000002}.Debug|x86.ActiveCfg = Debug|Any CPU
		{A1000000-0000-0000-0000-000000000002}.Debug|x86.Build.0 = Debug|Any CPU
		{A1000000-0000-0000-0000-000000000002}.Release|x64.ActiveCfg = Release|Any CPU
		{A1000000-0000-0000-0000-000000000002}.Release|x64.Build.0 = Release|Any CPU
		{A1000000-0000-0000-0000-000000000002}.Release|x86.ActiveCfg = Release|Any CPU
		{A1000000-0000-0000-0000-000000000002}.Release|x86.Build.0 = Release|Any CPU
		{52258994-D595-420F-A0DD-F1AD2908AFE7}.Debug|Any CPU.ActiveCfg = Debug|Any CPU
		{52258994-D595-420F-A0DD-F1AD2908AFE7}.Debug|Any CPU.Build.0 = Debug|Any CPU
		{52258994-D595-420F-A0DD-F1AD2908AFE7}.Debug|x64.ActiveCfg = Debug|Any CPU
		{52258994-D595-420F-A0DD-F1AD2908AFE7}.Debug|x64.Build.0 = Debug|Any CPU
		{52258994-D595-420F-A0DD-F1AD2908AFE7}.Debug|x86.ActiveCfg = Debug|Any CPU
		{52258994-D595-420F-A0DD-F1AD2908AFE7}.Debug|x86.Build.0 = Debug|Any CPU
		{52258994-D595-420F-A0DD-F1AD2908AFE7}.Release|Any CPU.ActiveCfg = Release|Any CPU
		{52258994-D595-420F-A0DD-F1AD2908AFE7}.Release|Any CPU.Build.0 = Release|Any CPU
		{52258994-D595-420F-A0DD-F1AD2908AFE7}.Release|x64.ActiveCfg = Release|Any CPU
		{52258994-D595-420F-A0DD-F1AD2908AFE7}.Release|x64.Build.0 = Release|Any CPU
		{52258994-D595-420F-A0DD-F1AD2908AFE7}.Release|x86.ActiveCfg = Release|Any CPU
		{52258994-D595-420F-A0DD-F1AD2908AFE7}.Release|x86.Build.0 = Release|Any CPU
		{C728AB17-33DF-4D6B-B346-6EDAFF0889F7}.Debug|Any CPU.ActiveCfg = Debug|Any CPU
		{C728AB17-33DF-4D6B-B346-6EDAFF0889F7}.Debug|Any CPU.Build.0 = Debug|Any CPU
		{C728AB17-33DF-4D6B-B346-6EDAFF0889F7}.Debug|x64.ActiveCfg = Debug|Any CPU
		{C728AB17-33DF-4D6B-B346-6EDAFF0889F7}.Debug|x64.Build.0 = Debug|Any CPU
		{C728AB17-33DF-4D6B-B346-6EDAFF0889F7}.Debug|x86.ActiveCfg = Debug|Any CPU
		{C728AB17-33DF-4D6B-B346-6EDAFF0889F7}.Debug|x86.Build.0 = Debug|Any CPU
		{C728AB17-33DF-4D6B-B346-6EDAFF0889F7}.Release|Any CPU.ActiveCfg = Release|Any CPU
		{C728AB17-33DF-4D6B-B346-6EDAFF0889F7}.Release|Any CPU.Build.0 = Release|Any CPU
		{C728AB17-33DF-4D6B-B346-6EDAFF0889F7}.Release|x64.ActiveCfg = Release|Any CPU
		{C728AB17-33DF-4D6B-B346-6EDAFF0889F7}.Release|x64.Build.0 = Release|Any CPU
		{C728AB17-33DF-4D6B-B346-6EDAFF0889F7}.Release|x86.ActiveCfg = Release|Any CPU
		{C728AB17-33DF-4D6B-B346-6EDAFF0889F7}.Release|x86.Build.0 = Release|Any CPU
		{E64AC906-E656-4AB3-A87A-1ACFA038A2F7}.Debug|Any CPU.ActiveCfg = Debug|Any CPU
		{E64AC906-E656-4AB3-A87A-1ACFA038A2F7}.Debug|Any CPU.Build.0 = Debug|Any CPU
		{E64AC906-E656-4AB3-A87A-1ACFA038A2F7}.Debug|x64.ActiveCfg = Debug|Any CPU
		{E64AC906-E656-4AB3-A87A-1ACFA038A2F7}.Debug|x64.Build.0 = Debug|Any CPU
		{E64AC906-E656-4AB3-A87A-1ACFA038A2F7}.Debug|x86.ActiveCfg = Debug|Any CPU
		{E64AC906-E656-4AB3-A87A-1ACFA038A2F7}.Debug|x86.Build.0 = Debug|Any CPU
		{E64AC906-E656-4AB3-A87A-1ACFA038A2F7}.Release|Any CPU.ActiveCfg = Release|Any CPU
		{E64AC906-E656-4AB3-A87A-1ACFA038A2F7}.Release|Any CPU.Build.0 = Release|Any CPU
		{E64AC906-E656-4AB3-A87A-1ACFA038A2F7}.Release|x64.ActiveCfg = Release|Any CPU
		{E64AC906-E656-4AB3-A87A-1ACFA038A2F7}.Release|x64.Build.0 = Release|Any CPU
		{E64AC906-E656-4AB3-A87A-1ACFA038A2F7}.Release|x86.ActiveCfg = Release|Any CPU
		{E64AC906-E656-4AB3-A87A-1ACFA038A2F7}.Release|x86.Build.0 = Release|Any CPU
		{30BFC29A-BC79-4EE6-AD6D-E96AD5D1E351}.Debug|Any CPU.ActiveCfg = Debug|Any CPU
		{30BFC29A-BC79-4EE6-AD6D-E96AD5D1E351}.Debug|Any CPU.Build.0 = Debug|Any CPU
		{30BFC29A-BC79-4EE6-AD6D-E96AD5D1E351}.Debug|x64.ActiveCfg = Debug|Any CPU
		{30BFC29A-BC79-4EE6-AD6D-E96AD5D1E351}.Debug|x64.Build.0 = Debug|Any CPU
		{30BFC29A-BC79-4EE6-AD6D-E96AD5D1E351}.Debug|x86.ActiveCfg = Debug|Any CPU
		{30BFC29A-BC79-4EE6-AD6D-E96AD5D1E351}.Debug|x86.Build.0 = Debug|Any CPU
		{30BFC29A-BC79-4EE6-AD6D-E96AD5D1E351}.Release|Any CPU.ActiveCfg = Release|Any CPU
		{30BFC29A-BC79-4EE6-AD6D-E96AD5D1E351}.Release|Any CPU.Build.0 = Release|Any CPU
		{30BFC29A-BC79-4EE6-AD6D-E96AD5D1E351}.Release|x64.ActiveCfg = Release|Any CPU
		{30BFC29A-BC79-4EE6-AD6D-E96AD5D1E351}.Release|x64.Build.0 = Release|Any CPU
		{30BFC29A-BC79-4EE6-AD6D-E96AD5D1E351}.Release|x86.ActiveCfg = Release|Any CPU
		{30BFC29A-BC79-4EE6-AD6D-E96AD5D1E351}.Release|x86.Build.0 = Release|Any CPU
	EndGlobalSection
	GlobalSection(SolutionProperties) = preSolution
		HideSolutionNode = FALSE
	EndGlobalSection
	GlobalSection(NestedProjects) = preSolution
		{52258994-D595-420F-A0DD-F1AD2908AFE7} = {827E0CD3-B72D-47B6-A68D-7590B98EB39B}
		{C728AB17-33DF-4D6B-B346-6EDAFF0889F7} = {0AB3BF05-4346-4AA6-1389-037BE0695223}
		{E64AC906-E656-4AB3-A87A-1ACFA038A2F7} = {827E0CD3-B72D-47B6-A68D-7590B98EB39B}
		{30BFC29A-BC79-4EE6-AD6D-E96AD5D1E351} = {0AB3BF05-4346-4AA6-1389-037BE0695223}
	EndGlobalSection
EndGlobal
